// !$*UTF8*$!
{
	archiveVersion = 1;
	classes = {
	};
	objectVersion = 50;
	objects = {

/* Begin PBXBuildFile section */
		272A1A61269FE0A50039DB51 /* AppDelegate.swift in Sources */ = {isa = PBXBuildFile; fileRef = 272A1A60269FE0A50039DB51 /* AppDelegate.swift */; };
		272A1A63269FE0A50039DB51 /* SceneDelegate.swift in Sources */ = {isa = PBXBuildFile; fileRef = 272A1A62269FE0A50039DB51 /* SceneDelegate.swift */; };
		272A1A68269FE0A50039DB51 /* Main.storyboard in Resources */ = {isa = PBXBuildFile; fileRef = 272A1A66269FE0A50039DB51 /* Main.storyboard */; };
		272A1A6B269FE0A50039DB51 /* MyMemory.xcdatamodeld in Sources */ = {isa = PBXBuildFile; fileRef = 272A1A69269FE0A50039DB51 /* MyMemory.xcdatamodeld */; };
		272A1A6D269FE0A60039DB51 /* Assets.xcassets in Resources */ = {isa = PBXBuildFile; fileRef = 272A1A6C269FE0A60039DB51 /* Assets.xcassets */; };
		272A1A70269FE0A60039DB51 /* LaunchScreen.storyboard in Resources */ = {isa = PBXBuildFile; fileRef = 272A1A6E269FE0A60039DB51 /* LaunchScreen.storyboard */; };
		272A1A7B269FE0A60039DB51 /* MyMemoryTests.swift in Sources */ = {isa = PBXBuildFile; fileRef = 272A1A7A269FE0A60039DB51 /* MyMemoryTests.swift */; };
		272A1A86269FE0A60039DB51 /* MyMemoryUITests.swift in Sources */ = {isa = PBXBuildFile; fileRef = 272A1A85269FE0A60039DB51 /* MyMemoryUITests.swift */; };
		277D9DE026A2A7B600557D3B /* MemoReadVC.swift in Sources */ = {isa = PBXBuildFile; fileRef = 277D9DDF26A2A7B600557D3B /* MemoReadVC.swift */; };
		277D9DEB26A2A7F800557D3B /* MemoListVC.swift in Sources */ = {isa = PBXBuildFile; fileRef = 277D9DEA26A2A7F800557D3B /* MemoListVC.swift */; };
		277D9DF026A2A81800557D3B /* MemoFormVC.swift in Sources */ = {isa = PBXBuildFile; fileRef = 277D9DEF26A2A81800557D3B /* MemoFormVC.swift */; };
		277D9DF526A2A8AE00557D3B /* MemoCell.swift in Sources */ = {isa = PBXBuildFile; fileRef = 277D9DF426A2A8AE00557D3B /* MemoCell.swift */; };
		277D9DFA26A2E5E000557D3B /* MemoData.swift in Sources */ = {isa = PBXBuildFile; fileRef = 277D9DF926A2E5E000557D3B /* MemoData.swift */; };
		27B0CB4026B61F150075ED44 /* CSLogButton.swift in Sources */ = {isa = PBXBuildFile; fileRef = 27B0CB3F26B61F150075ED44 /* CSLogButton.swift */; };
		27B0CB4626B6266A0075ED44 /* button-bg.png in Resources */ = {isa = PBXBuildFile; fileRef = 27B0CB4526B6266A0075ED44 /* button-bg.png */; };
		27B0CB4B26B62A150075ED44 /* memo-background@2x.png in Resources */ = {isa = PBXBuildFile; fileRef = 27B0CB4A26B62A150075ED44 /* memo-background@2x.png */; };
		27B0CB5026B62A190075ED44 /* warning-icon-60@2x.png in Resources */ = {isa = PBXBuildFile; fileRef = 27B0CB4F26B62A190075ED44 /* warning-icon-60@2x.png */; };
/* End PBXBuildFile section */

/* Begin PBXContainerItemProxy section */
		272A1A77269FE0A60039DB51 /* PBXContainerItemProxy */ = {
			isa = PBXContainerItemProxy;
			containerPortal = 272A1A55269FE0A40039DB51 /* Project object */;
			proxyType = 1;
			remoteGlobalIDString = 272A1A5C269FE0A50039DB51;
			remoteInfo = MyMemory;
		};
		272A1A82269FE0A60039DB51 /* PBXContainerItemProxy */ = {
			isa = PBXContainerItemProxy;
			containerPortal = 272A1A55269FE0A40039DB51 /* Project object */;
			proxyType = 1;
			remoteGlobalIDString = 272A1A5C269FE0A50039DB51;
			remoteInfo = MyMemory;
		};
/* End PBXContainerItemProxy section */

/* Begin PBXFileReference section */
		272A1A5D269FE0A50039DB51 /* MyMemory.app */ = {isa = PBXFileReference; explicitFileType = wrapper.application; includeInIndex = 0; path = MyMemory.app; sourceTree = BUILT_PRODUCTS_DIR; };
		272A1A60269FE0A50039DB51 /* AppDelegate.swift */ = {isa = PBXFileReference; lastKnownFileType = sourcecode.swift; path = AppDelegate.swift; sourceTree = "<group>"; };
		272A1A62269FE0A50039DB51 /* SceneDelegate.swift */ = {isa = PBXFileReference; lastKnownFileType = sourcecode.swift; path = SceneDelegate.swift; sourceTree = "<group>"; };
		272A1A67269FE0A50039DB51 /* Base */ = {isa = PBXFileReference; lastKnownFileType = file.storyboard; name = Base; path = Base.lproj/Main.storyboard; sourceTree = "<group>"; };
		272A1A6A269FE0A50039DB51 /* MyMemory.xcdatamodel */ = {isa = PBXFileReference; lastKnownFileType = wrapper.xcdatamodel; path = MyMemory.xcdatamodel; sourceTree = "<group>"; };
		272A1A6C269FE0A60039DB51 /* Assets.xcassets */ = {isa = PBXFileReference; lastKnownFileType = folder.assetcatalog; path = Assets.xcassets; sourceTree = "<group>"; };
		272A1A6F269FE0A60039DB51 /* Base */ = {isa = PBXFileReference; lastKnownFileType = file.storyboard; name = Base; path = Base.lproj/LaunchScreen.storyboard; sourceTree = "<group>"; };
		272A1A71269FE0A60039DB51 /* Info.plist */ = {isa = PBXFileReference; lastKnownFileType = text.plist.xml; path = Info.plist; sourceTree = "<group>"; };
		272A1A76269FE0A60039DB51 /* MyMemoryTests.xctest */ = {isa = PBXFileReference; explicitFileType = wrapper.cfbundle; includeInIndex = 0; path = MyMemoryTests.xctest; sourceTree = BUILT_PRODUCTS_DIR; };
		272A1A7A269FE0A60039DB51 /* MyMemoryTests.swift */ = {isa = PBXFileReference; lastKnownFileType = sourcecode.swift; path = MyMemoryTests.swift; sourceTree = "<group>"; };
		272A1A7C269FE0A60039DB51 /* Info.plist */ = {isa = PBXFileReference; lastKnownFileType = text.plist.xml; path = Info.plist; sourceTree = "<group>"; };
		272A1A81269FE0A60039DB51 /* MyMemoryUITests.xctest */ = {isa = PBXFileReference; explicitFileType = wrapper.cfbundle; includeInIndex = 0; path = MyMemoryUITests.xctest; sourceTree = BUILT_PRODUCTS_DIR; };
		272A1A85269FE0A60039DB51 /* MyMemoryUITests.swift */ = {isa = PBXFileReference; lastKnownFileType = sourcecode.swift; path = MyMemoryUITests.swift; sourceTree = "<group>"; };
		272A1A87269FE0A60039DB51 /* Info.plist */ = {isa = PBXFileReference; lastKnownFileType = text.plist.xml; path = Info.plist; sourceTree = "<group>"; };
		277D9DDF26A2A7B600557D3B /* MemoReadVC.swift */ = {isa = PBXFileReference; lastKnownFileType = sourcecode.swift; path = MemoReadVC.swift; sourceTree = "<group>"; };
		277D9DEA26A2A7F800557D3B /* MemoListVC.swift */ = {isa = PBXFileReference; lastKnownFileType = sourcecode.swift; path = MemoListVC.swift; sourceTree = "<group>"; };
		277D9DEF26A2A81800557D3B /* MemoFormVC.swift */ = {isa = PBXFileReference; lastKnownFileType = sourcecode.swift; path = MemoFormVC.swift; sourceTree = "<group>"; };
		277D9DF426A2A8AE00557D3B /* MemoCell.swift */ = {isa = PBXFileReference; lastKnownFileType = sourcecode.swift; path = MemoCell.swift; sourceTree = "<group>"; };
		277D9DF926A2E5E000557D3B /* MemoData.swift */ = {isa = PBXFileReference; lastKnownFileType = sourcecode.swift; path = MemoData.swift; sourceTree = "<group>"; };
		27B0CB3F26B61F150075ED44 /* CSLogButton.swift */ = {isa = PBXFileReference; lastKnownFileType = sourcecode.swift; path = CSLogButton.swift; sourceTree = "<group>"; };
		27B0CB4526B6266A0075ED44 /* button-bg.png */ = {isa = PBXFileReference; lastKnownFileType = image.png; path = "button-bg.png"; sourceTree = "<group>"; };
		27B0CB4A26B62A150075ED44 /* memo-background@2x.png */ = {isa = PBXFileReference; lastKnownFileType = image.png; path = "memo-background@2x.png"; sourceTree = "<group>"; };
		27B0CB4F26B62A190075ED44 /* warning-icon-60@2x.png */ = {isa = PBXFileReference; lastKnownFileType = image.png; path = "warning-icon-60@2x.png"; sourceTree = "<group>"; };
/* End PBXFileReference section */

/* Begin PBXFrameworksBuildPhase section */
		272A1A5A269FE0A50039DB51 /* Frameworks */ = {
			isa = PBXFrameworksBuildPhase;
			buildActionMask = 2147483647;
			files = (
			);
			runOnlyForDeploymentPostprocessing = 0;
		};
		272A1A73269FE0A60039DB51 /* Frameworks */ = {
			isa = PBXFrameworksBuildPhase;
			buildActionMask = 2147483647;
			files = (
			);
			runOnlyForDeploymentPostprocessing = 0;
		};
		272A1A7E269FE0A60039DB51 /* Frameworks */ = {
			isa = PBXFrameworksBuildPhase;
			buildActionMask = 2147483647;
			files = (
			);
			runOnlyForDeploymentPostprocessing = 0;
		};
/* End PBXFrameworksBuildPhase section */

/* Begin PBXGroup section */
		272A1A54269FE0A40039DB51 = {
			isa = PBXGroup;
			children = (
				272A1A5F269FE0A50039DB51 /* MyMemory */,
				272A1A79269FE0A60039DB51 /* MyMemoryTests */,
				272A1A84269FE0A60039DB51 /* MyMemoryUITests */,
				272A1A5E269FE0A50039DB51 /* Products */,
			);
			sourceTree = "<group>";
		};
		272A1A5E269FE0A50039DB51 /* Products */ = {
			isa = PBXGroup;
			children = (
				272A1A5D269FE0A50039DB51 /* MyMemory.app */,
				272A1A76269FE0A60039DB51 /* MyMemoryTests.xctest */,
				272A1A81269FE0A60039DB51 /* MyMemoryUITests.xctest */,
			);
			name = Products;
			sourceTree = "<group>";
		};
		272A1A5F269FE0A50039DB51 /* MyMemory */ = {
			isa = PBXGroup;
			children = (
				27B0CB4426B626450075ED44 /* Resource */,
				272A1A60269FE0A50039DB51 /* AppDelegate.swift */,
				272A1A62269FE0A50039DB51 /* SceneDelegate.swift */,
				272A1A66269FE0A50039DB51 /* Main.storyboard */,
				27B0CB3F26B61F150075ED44 /* CSLogButton.swift */,
				277D9DF426A2A8AE00557D3B /* MemoCell.swift */,
				272A1A6C269FE0A60039DB51 /* Assets.xcassets */,
				272A1A6E269FE0A60039DB51 /* LaunchScreen.storyboard */,
				272A1A71269FE0A60039DB51 /* Info.plist */,
				272A1A69269FE0A50039DB51 /* MyMemory.xcdatamodeld */,
				277D9DDF26A2A7B600557D3B /* MemoReadVC.swift */,
				277D9DEA26A2A7F800557D3B /* MemoListVC.swift */,
				277D9DEF26A2A81800557D3B /* MemoFormVC.swift */,
				277D9DF926A2E5E000557D3B /* MemoData.swift */,
			);
			path = MyMemory;
			sourceTree = "<group>";
		};
		272A1A79269FE0A60039DB51 /* MyMemoryTests */ = {
			isa = PBXGroup;
			children = (
				272A1A7A269FE0A60039DB51 /* MyMemoryTests.swift */,
				272A1A7C269FE0A60039DB51 /* Info.plist */,
			);
			path = MyMemoryTests;
			sourceTree = "<group>";
		};
		272A1A84269FE0A60039DB51 /* MyMemoryUITests */ = {
			isa = PBXGroup;
			children = (
				272A1A85269FE0A60039DB51 /* MyMemoryUITests.swift */,
				272A1A87269FE0A60039DB51 /* Info.plist */,
			);
			path = MyMemoryUITests;
			sourceTree = "<group>";
		};
		27B0CB4426B626450075ED44 /* Resource */ = {
			isa = PBXGroup;
			children = (
				27B0CB4526B6266A0075ED44 /* button-bg.png */,
				27B0CB4A26B62A150075ED44 /* memo-background@2x.png */,
				27B0CB4F26B62A190075ED44 /* warning-icon-60@2x.png */,
			);
			path = Resource;
			sourceTree = "<group>";
		};
/* End PBXGroup section */

/* Begin PBXNativeTarget section */
		272A1A5C269FE0A50039DB51 /* MyMemory */ = {
			isa = PBXNativeTarget;
			buildConfigurationList = 272A1A8A269FE0A60039DB51 /* Build configuration list for PBXNativeTarget "MyMemory" */;
			buildPhases = (
				272A1A59269FE0A50039DB51 /* Sources */,
				272A1A5A269FE0A50039DB51 /* Frameworks */,
				272A1A5B269FE0A50039DB51 /* Resources */,
			);
			buildRules = (
			);
			dependencies = (
			);
			name = MyMemory;
			productName = MyMemory;
			productReference = 272A1A5D269FE0A50039DB51 /* MyMemory.app */;
			productType = "com.apple.product-type.application";
		};
		272A1A75269FE0A60039DB51 /* MyMemoryTests */ = {
			isa = PBXNativeTarget;
			buildConfigurationList = 272A1A8D269FE0A60039DB51 /* Build configuration list for PBXNativeTarget "MyMemoryTests" */;
			buildPhases = (
				272A1A72269FE0A60039DB51 /* Sources */,
				272A1A73269FE0A60039DB51 /* Frameworks */,
				272A1A74269FE0A60039DB51 /* Resources */,
			);
			buildRules = (
			);
			dependencies = (
				272A1A78269FE0A60039DB51 /* PBXTargetDependency */,
			);
			name = MyMemoryTests;
			productName = MyMemoryTests;
			productReference = 272A1A76269FE0A60039DB51 /* MyMemoryTests.xctest */;
			productType = "com.apple.product-type.bundle.unit-test";
		};
		272A1A80269FE0A60039DB51 /* MyMemoryUITests */ = {
			isa = PBXNativeTarget;
			buildConfigurationList = 272A1A90269FE0A60039DB51 /* Build configuration list for PBXNativeTarget "MyMemoryUITests" */;
			buildPhases = (
				272A1A7D269FE0A60039DB51 /* Sources */,
				272A1A7E269FE0A60039DB51 /* Frameworks */,
				272A1A7F269FE0A60039DB51 /* Resources */,
			);
			buildRules = (
			);
			dependencies = (
				272A1A83269FE0A60039DB51 /* PBXTargetDependency */,
			);
			name = MyMemoryUITests;
			productName = MyMemoryUITests;
			productReference = 272A1A81269FE0A60039DB51 /* MyMemoryUITests.xctest */;
			productType = "com.apple.product-type.bundle.ui-testing";
		};
/* End PBXNativeTarget section */

/* Begin PBXProject section */
		272A1A55269FE0A40039DB51 /* Project object */ = {
			isa = PBXProject;
			attributes = {
				LastSwiftUpdateCheck = 1240;
				LastUpgradeCheck = 1240;
				TargetAttributes = {
					272A1A5C269FE0A50039DB51 = {
						CreatedOnToolsVersion = 12.4;
					};
					272A1A75269FE0A60039DB51 = {
						CreatedOnToolsVersion = 12.4;
						TestTargetID = 272A1A5C269FE0A50039DB51;
					};
					272A1A80269FE0A60039DB51 = {
						CreatedOnToolsVersion = 12.4;
						TestTargetID = 272A1A5C269FE0A50039DB51;
					};
				};
			};
			buildConfigurationList = 272A1A58269FE0A40039DB51 /* Build configuration list for PBXProject "MyMemory" */;
			compatibilityVersion = "Xcode 9.3";
			developmentRegion = en;
			hasScannedForEncodings = 0;
			knownRegions = (
				en,
				Base,
			);
			mainGroup = 272A1A54269FE0A40039DB51;
			productRefGroup = 272A1A5E269FE0A50039DB51 /* Products */;
			projectDirPath = "";
			projectRoot = "";
			targets = (
				272A1A5C269FE0A50039DB51 /* MyMemory */,
				272A1A75269FE0A60039DB51 /* MyMemoryTests */,
				272A1A80269FE0A60039DB51 /* MyMemoryUITests */,
			);
		};
/* End PBXProject section */

/* Begin PBXResourcesBuildPhase section */
		272A1A5B269FE0A50039DB51 /* Resources */ = {
			isa = PBXResourcesBuildPhase;
			buildActionMask = 2147483647;
			files = (
				27B0CB4B26B62A150075ED44 /* memo-background@2x.png in Resources */,
				272A1A70269FE0A60039DB51 /* LaunchScreen.storyboard in Resources */,
				272A1A6D269FE0A60039DB51 /* Assets.xcassets in Resources */,
				27B0CB4626B6266A0075ED44 /* button-bg.png in Resources */,
				27B0CB5026B62A190075ED44 /* warning-icon-60@2x.png in Resources */,
				272A1A68269FE0A50039DB51 /* Main.storyboard in Resources */,
			);
			runOnlyForDeploymentPostprocessing = 0;
		};
		272A1A74269FE0A60039DB51 /* Resources */ = {
			isa = PBXResourcesBuildPhase;
			buildActionMask = 2147483647;
			files = (
			);
			runOnlyForDeploymentPostprocessing = 0;
		};
		272A1A7F269FE0A60039DB51 /* Resources */ = {
			isa = PBXResourcesBuildPhase;
			buildActionMask = 2147483647;
			files = (
			);
			runOnlyForDeploymentPostprocessing = 0;
		};
/* End PBXResourcesBuildPhase section */

/* Begin PBXSourcesBuildPhase section */
		272A1A59269FE0A50039DB51 /* Sources */ = {
			isa = PBXSourcesBuildPhase;
			buildActionMask = 2147483647;
			files = (
				27B0CB4026B61F150075ED44 /* CSLogButton.swift in Sources */,
				277D9DF526A2A8AE00557D3B /* MemoCell.swift in Sources */,
				277D9DFA26A2E5E000557D3B /* MemoData.swift in Sources */,
				277D9DE026A2A7B600557D3B /* MemoReadVC.swift in Sources */,
				277D9DEB26A2A7F800557D3B /* MemoListVC.swift in Sources */,
				277D9DF026A2A81800557D3B /* MemoFormVC.swift in Sources */,
				272A1A6B269FE0A50039DB51 /* MyMemory.xcdatamodeld in Sources */,
				272A1A61269FE0A50039DB51 /* AppDelegate.swift in Sources */,
				272A1A63269FE0A50039DB51 /* SceneDelegate.swift in Sources */,
			);
			runOnlyForDeploymentPostprocessing = 0;
		};
		272A1A72269FE0A60039DB51 /* Sources */ = {
			isa = PBXSourcesBuildPhase;
			buildActionMask = 2147483647;
			files = (
				272A1A7B269FE0A60039DB51 /* MyMemoryTests.swift in Sources */,
			);
			runOnlyForDeploymentPostprocessing = 0;
		};
		272A1A7D269FE0A60039DB51 /* Sources */ = {
			isa = PBXSourcesBuildPhase;
			buildActionMask = 2147483647;
			files = (
				272A1A86269FE0A60039DB51 /* MyMemoryUITests.swift in Sources */,
			);
			runOnlyForDeploymentPostprocessing = 0;
		};
/* End PBXSourcesBuildPhase section */

/* Begin PBXTargetDependency section */
		272A1A78269FE0A60039DB51 /* PBXTargetDependency */ = {
			isa = PBXTargetDependency;
			target = 272A1A5C269FE0A50039DB51 /* MyMemory */;
			targetProxy = 272A1A77269FE0A60039DB51 /* PBXContainerItemProxy */;
		};
		272A1A83269FE0A60039DB51 /* PBXTargetDependency */ = {
			isa = PBXTargetDependency;
			target = 272A1A5C269FE0A50039DB51 /* MyMemory */;
			targetProxy = 272A1A82269FE0A60039DB51 /* PBXContainerItemProxy */;
		};
/* End PBXTargetDependency section */

/* Begin PBXVariantGroup section */
		272A1A66269FE0A50039DB51 /* Main.storyboard */ = {
			isa = PBXVariantGroup;
			children = (
				272A1A67269FE0A50039DB51 /* Base */,
			);
			name = Main.storyboard;
			sourceTree = "<group>";
		};
		272A1A6E269FE0A60039DB51 /* LaunchScreen.storyboard */ = {
			isa = PBXVariantGroup;
			children = (
				272A1A6F269FE0A60039DB51 /* Base */,
			);
			name = LaunchScreen.storyboard;
			sourceTree = "<group>";
		};
/* End PBXVariantGroup section */

/* Begin XCBuildConfiguration section */
		272A1A88269FE0A60039DB51 /* Debug */ = {
			isa = XCBuildConfiguration;
			buildSettings = {
				ALWAYS_SEARCH_USER_PATHS = NO;
				CLANG_ANALYZER_NONNULL = YES;
				CLANG_ANALYZER_NUMBER_OBJECT_CONVERSION = YES_AGGRESSIVE;
				CLANG_CXX_LANGUAGE_STANDARD = "gnu++14";
				CLANG_CXX_LIBRARY = "libc++";
				CLANG_ENABLE_MODULES = YES;
				CLANG_ENABLE_OBJC_ARC = YES;
				CLANG_ENABLE_OBJC_WEAK = YES;
				CLANG_WARN_BLOCK_CAPTURE_AUTORELEASING = YES;
				CLANG_WARN_BOOL_CONVERSION = YES;
				CLANG_WARN_COMMA = YES;
				CLANG_WARN_CONSTANT_CONVERSION = YES;
				CLANG_WARN_DEPRECATED_OBJC_IMPLEMENTATIONS = YES;
				CLANG_WARN_DIRECT_OBJC_ISA_USAGE = YES_ERROR;
				CLANG_WARN_DOCUMENTATION_COMMENTS = YES;
				CLANG_WARN_EMPTY_BODY = YES;
				CLANG_WARN_ENUM_CONVERSION = YES;
				CLANG_WARN_INFINITE_RECURSION = YES;
				CLANG_WARN_INT_CONVERSION = YES;
				CLANG_WARN_NON_LITERAL_NULL_CONVERSION = YES;
				CLANG_WARN_OBJC_IMPLICIT_RETAIN_SELF = YES;
				CLANG_WARN_OBJC_LITERAL_CONVERSION = YES;
				CLANG_WARN_OBJC_ROOT_CLASS = YES_ERROR;
				CLANG_WARN_QUOTED_INCLUDE_IN_FRAMEWORK_HEADER = YES;
				CLANG_WARN_RANGE_LOOP_ANALYSIS = YES;
				CLANG_WARN_STRICT_PROTOTYPES = YES;
				CLANG_WARN_SUSPICIOUS_MOVE = YES;
				CLANG_WARN_UNGUARDED_AVAILABILITY = YES_AGGRESSIVE;
				CLANG_WARN_UNREACHABLE_CODE = YES;
				CLANG_WARN__DUPLICATE_METHOD_MATCH = YES;
				COPY_PHASE_STRIP = NO;
				DEBUG_INFORMATION_FORMAT = dwarf;
				ENABLE_STRICT_OBJC_MSGSEND = YES;
				ENABLE_TESTABILITY = YES;
				GCC_C_LANGUAGE_STANDARD = gnu11;
				GCC_DYNAMIC_NO_PIC = NO;
				GCC_NO_COMMON_BLOCKS = YES;
				GCC_OPTIMIZATION_LEVEL = 0;
				GCC_PREPROCESSOR_DEFINITIONS = (
					"DEBUG=1",
					"$(inherited)",
				);
				GCC_WARN_64_TO_32_BIT_CONVERSION = YES;
				GCC_WARN_ABOUT_RETURN_TYPE = YES_ERROR;
				GCC_WARN_UNDECLARED_SELECTOR = YES;
				GCC_WARN_UNINITIALIZED_AUTOS = YES_AGGRESSIVE;
				GCC_WARN_UNUSED_FUNCTION = YES;
				GCC_WARN_UNUSED_VARIABLE = YES;
				IPHONEOS_DEPLOYMENT_TARGET = 14.4;
				MTL_ENABLE_DEBUG_INFO = INCLUDE_SOURCE;
				MTL_FAST_MATH = YES;
				ONLY_ACTIVE_ARCH = YES;
				SDKROOT = iphoneos;
				SWIFT_ACTIVE_COMPILATION_CONDITIONS = DEBUG;
				SWIFT_OPTIMIZATION_LEVEL = "-Onone";
			};
			name = Debug;
		};
		272A1A89269FE0A60039DB51 /* Release */ = {
			isa = XCBuildConfiguration;
			buildSettings = {
				ALWAYS_SEARCH_USER_PATHS = NO;
				CLANG_ANALYZER_NONNULL = YES;
				CLANG_ANALYZER_NUMBER_OBJECT_CONVERSION = YES_AGGRESSIVE;
				CLANG_CXX_LANGUAGE_STANDARD = "gnu++14";
				CLANG_CXX_LIBRARY = "libc++";
				CLANG_ENABLE_MODULES = YES;
				CLANG_ENABLE_OBJC_ARC = YES;
				CLANG_ENABLE_OBJC_WEAK = YES;
				CLANG_WARN_BLOCK_CAPTURE_AUTORELEASING = YES;
				CLANG_WARN_BOOL_CONVERSION = YES;
				CLANG_WARN_COMMA = YES;
				CLANG_WARN_CONSTANT_CONVERSION = YES;
				CLANG_WARN_DEPRECATED_OBJC_IMPLEMENTATIONS = YES;
				CLANG_WARN_DIRECT_OBJC_ISA_USAGE = YES_ERROR;
				CLANG_WARN_DOCUMENTATION_COMMENTS = YES;
				CLANG_WARN_EMPTY_BODY = YES;
				CLANG_WARN_ENUM_CONVERSION = YES;
				CLANG_WARN_INFINITE_RECURSION = YES;
				CLANG_WARN_INT_CONVERSION = YES;
				CLANG_WARN_NON_LITERAL_NULL_CONVERSION = YES;
				CLANG_WARN_OBJC_IMPLICIT_RETAIN_SELF = YES;
				CLANG_WARN_OBJC_LITERAL_CONVERSION = YES;
				CLANG_WARN_OBJC_ROOT_CLASS = YES_ERROR;
				CLANG_WARN_QUOTED_INCLUDE_IN_FRAMEWORK_HEADER = YES;
				CLANG_WARN_RANGE_LOOP_ANALYSIS = YES;
				CLANG_WARN_STRICT_PROTOTYPES = YES;
				CLANG_WARN_SUSPICIOUS_MOVE = YES;
				CLANG_WARN_UNGUARDED_AVAILABILITY = YES_AGGRESSIVE;
				CLANG_WARN_UNREACHABLE_CODE = YES;
				CLANG_WARN__DUPLICATE_METHOD_MATCH = YES;
				COPY_PHASE_STRIP = NO;
				DEBUG_INFORMATION_FORMAT = "dwarf-with-dsym";
				ENABLE_NS_ASSERTIONS = NO;
				ENABLE_STRICT_OBJC_MSGSEND = YES;
				GCC_C_LANGUAGE_STANDARD = gnu11;
				GCC_NO_COMMON_BLOCKS = YES;
				GCC_WARN_64_TO_32_BIT_CONVERSION = YES;
				GCC_WARN_ABOUT_RETURN_TYPE = YES_ERROR;
				GCC_WARN_UNDECLARED_SELECTOR = YES;
				GCC_WARN_UNINITIALIZED_AUTOS = YES_AGGRESSIVE;
				GCC_WARN_UNUSED_FUNCTION = YES;
				GCC_WARN_UNUSED_VARIABLE = YES;
				IPHONEOS_DEPLOYMENT_TARGET = 14.4;
				MTL_ENABLE_DEBUG_INFO = NO;
				MTL_FAST_MATH = YES;
				SDKROOT = iphoneos;
				SWIFT_COMPILATION_MODE = wholemodule;
				SWIFT_OPTIMIZATION_LEVEL = "-O";
				VALIDATE_PRODUCT = YES;
			};
			name = Release;
		};
		272A1A8B269FE0A60039DB51 /* Debug */ = {
			isa = XCBuildConfiguration;
			buildSettings = {
				ASSETCATALOG_COMPILER_APPICON_NAME = AppIcon;
				ASSETCATALOG_COMPILER_GLOBAL_ACCENT_COLOR_NAME = AccentColor;
				CODE_SIGN_STYLE = Automatic;
				INFOPLIST_FILE = MyMemory/Info.plist;
				LD_RUNPATH_SEARCH_PATHS = (
					"$(inherited)",
					"@executable_path/Frameworks",
				);
				PRODUCT_BUNDLE_IDENTIFIER = com.jackpark.MyMemory;
				PRODUCT_NAME = "$(TARGET_NAME)";
				SWIFT_VERSION = 5.0;
				TARGETED_DEVICE_FAMILY = 1;
			};
			name = Debug;
		};
		272A1A8C269FE0A60039DB51 /* Release */ = {
			isa = XCBuildConfiguration;
			buildSettings = {
				ASSETCATALOG_COMPILER_APPICON_NAME = AppIcon;
				ASSETCATALOG_COMPILER_GLOBAL_ACCENT_COLOR_NAME = AccentColor;
				CODE_SIGN_STYLE = Automatic;
				INFOPLIST_FILE = MyMemory/Info.plist;
				LD_RUNPATH_SEARCH_PATHS = (
					"$(inherited)",
					"@executable_path/Frameworks",
				);
				PRODUCT_BUNDLE_IDENTIFIER = com.jackpark.MyMemory;
				PRODUCT_NAME = "$(TARGET_NAME)";
				SWIFT_VERSION = 5.0;
				TARGETED_DEVICE_FAMILY = 1;
			};
			name = Release;
		};
		272A1A8E269FE0A60039DB51 /* Debug */ = {
			isa = XCBuildConfiguration;
			buildSettings = {
				ALWAYS_EMBED_SWIFT_STANDARD_LIBRARIES = YES;
				BUNDLE_LOADER = "$(TEST_HOST)";
				CODE_SIGN_STYLE = Automatic;
				INFOPLIST_FILE = MyMemoryTests/Info.plist;
				IPHONEOS_DEPLOYMENT_TARGET = 14.4;
				LD_RUNPATH_SEARCH_PATHS = (
					"$(inherited)",
					"@executable_path/Frameworks",
					"@loader_path/Frameworks",
				);
				PRODUCT_BUNDLE_IDENTIFIER = com.jackpark.MyMemoryTests;
				PRODUCT_NAME = "$(TARGET_NAME)";
				SWIFT_VERSION = 5.0;
				TARGETED_DEVICE_FAMILY = "1,2";
				TEST_HOST = "$(BUILT_PRODUCTS_DIR)/MyMemory.app/MyMemory";
			};
			name = Debug;
		};
		272A1A8F269FE0A60039DB51 /* Release */ = {
			isa = XCBuildConfiguration;
			buildSettings = {
				ALWAYS_EMBED_SWIFT_STANDARD_LIBRARIES = YES;
				BUNDLE_LOADER = "$(TEST_HOST)";
				CODE_SIGN_STYLE = Automatic;
				INFOPLIST_FILE = MyMemoryTests/Info.plist;
				IPHONEOS_DEPLOYMENT_TARGET = 14.4;
				LD_RUNPATH_SEARCH_PATHS = (
					"$(inherited)",
					"@executable_path/Frameworks",
					"@loader_path/Frameworks",
				);
				PRODUCT_BUNDLE_IDENTIFIER = com.jackpark.MyMemoryTests;
				PRODUCT_NAME = "$(TARGET_NAME)";
				SWIFT_VERSION = 5.0;
				TARGETED_DEVICE_FAMILY = "1,2";
				TEST_HOST = "$(BUILT_PRODUCTS_DIR)/MyMemory.app/MyMemory";
			};
			name = Release;
		};
		272A1A91269FE0A60039DB51 /* Debug */ = {
			isa = XCBuildConfiguration;
			buildSettings = {
				ALWAYS_EMBED_SWIFT_STANDARD_LIBRARIES = YES;
				CODE_SIGN_STYLE = Automatic;
				INFOPLIST_FILE = MyMemoryUITests/Info.plist;
				LD_RUNPATH_SEARCH_PATHS = (
					"$(inherited)",
					"@executable_path/Frameworks",
					"@loader_path/Frameworks",
				);
				PRODUCT_BUNDLE_IDENTIFIER = com.jackpark.MyMemoryUITests;
				PRODUCT_NAME = "$(TARGET_NAME)";
				SWIFT_VERSION = 5.0;
				TARGETED_DEVICE_FAMILY = "1,2";
				TEST_TARGET_NAME = MyMemory;
			};
			name = Debug;
		};
		272A1A92269FE0A60039DB51 /* Release */ = {
			isa = XCBuildConfiguration;
			buildSettings = {
				ALWAYS_EMBED_SWIFT_STANDARD_LIBRARIES = YES;
				CODE_SIGN_STYLE = Automatic;
				INFOPLIST_FILE = MyMemoryUITests/Info.plist;
				LD_RUNPATH_SEARCH_PATHS = (
					"$(inherited)",
					"@executable_path/Frameworks",
					"@loader_path/Frameworks",
				);
				PRODUCT_BUNDLE_IDENTIFIER = com.jackpark.MyMemoryUITests;
				PRODUCT_NAME = "$(TARGET_NAME)";
				SWIFT_VERSION = 5.0;
				TARGETED_DEVICE_FAMILY = "1,2";
				TEST_TARGET_NAME = MyMemory;
			};
			name = Release;
		};
/* End XCBuildConfiguration section */

/* Begin XCConfigurationList section */
		272A1A58269FE0A40039DB51 /* Build configuration list for PBXProject "MyMemory" */ = {
			isa = XCConfigurationList;
			buildConfigurations = (
				272A1A88269FE0A60039DB51 /* Debug */,
				272A1A89269FE0A60039DB51 /* Release */,
			);
			defaultConfigurationIsVisible = 0;
			defaultConfigurationName = Release;
		};
		272A1A8A269FE0A60039DB51 /* Build configuration list for PBXNativeTarget "MyMemory" */ = {
			isa = XCConfigurationList;
			buildConfigurations = (
				272A1A8B269FE0A60039DB51 /* Debug */,
				272A1A8C269FE0A60039DB51 /* Release */,
			);
			defaultConfigurationIsVisible = 0;
			defaultConfigurationName = Release;
		};
		272A1A8D269FE0A60039DB51 /* Build configuration list for PBXNativeTarget "MyMemoryTests" */ = {
			isa = XCConfigurationList;
			buildConfigurations = (
				272A1A8E269FE0A60039DB51 /* Debug */,
				272A1A8F269FE0A60039DB51 /* Release */,
			);
			defaultConfigurationIsVisible = 0;
			defaultConfigurationName = Release;
		};
		272A1A90269FE0A60039DB51 /* Build configuration list for PBXNativeTarget "MyMemoryUITests" */ = {
			isa = XCConfigurationList;
			buildConfigurations = (
				272A1A91269FE0A60039DB51 /* Debug */,
				272A1A92269FE0A60039DB51 /* Release */,
			);
			defaultConfigurationIsVisible = 0;
			defaultConfigurationName = Release;
		};
/* End XCConfigurationList section */

/* Begin XCVersionGroup section */
		272A1A69269FE0A50039DB51 /* MyMemory.xcdatamodeld */ = {
			isa = XCVersionGroup;
			children = (
				272A1A6A269FE0A50039DB51 /* MyMemory.xcdatamodel */,
			);
			currentVersion = 272A1A6A269FE0A50039DB51 /* MyMemory.xcdatamodel */;
			path = MyMemory.xcdatamodeld;
			sourceTree = "<group>";
			versionGroupType = wrapper.xcdatamodel;
		};
/* End XCVersionGroup section */
	};
	rootObject = 272A1A55269FE0A40039DB51 /* Project object */;
}
